[[package]]
name = "atomicwrites"
version = "1.4.0"
description = "Atomic file writes."
category = "dev"
optional = false
python-versions = ">=2.7, !=3.0.*, !=3.1.*, !=3.2.*, !=3.3.*"

[[package]]
name = "attrs"
version = "20.3.0"
description = "Classes Without Boilerplate"
category = "dev"
optional = false
python-versions = ">=2.7, !=3.0.*, !=3.1.*, !=3.2.*, !=3.3.*"

[package.extras]
dev = ["coverage[toml] (>=5.0.2)", "hypothesis", "pympler", "pytest (>=4.3.0)", "six", "zope.interface", "furo", "sphinx", "pre-commit"]
docs = ["furo", "sphinx", "zope.interface"]
tests = ["coverage[toml] (>=5.0.2)", "hypothesis", "pympler", "pytest (>=4.3.0)", "six", "zope.interface"]
tests_no_zope = ["coverage[toml] (>=5.0.2)", "hypothesis", "pympler", "pytest (>=4.3.0)", "six"]

[[package]]
name = "certifi"
version = "2020.12.5"
description = "Python package for providing Mozilla's CA Bundle."
category = "main"
optional = false
python-versions = "*"

[[package]]
name = "chardet"
version = "4.0.0"
description = "Universal encoding detector for Python 2 and 3"
category = "main"
optional = false
python-versions = ">=2.7, !=3.0.*, !=3.1.*, !=3.2.*, !=3.3.*, !=3.4.*"

[[package]]
name = "click"
version = "7.1.2"
description = "Composable command line interface toolkit"
category = "main"
optional = false
python-versions = ">=2.7, !=3.0.*, !=3.1.*, !=3.2.*, !=3.3.*, !=3.4.*"

[[package]]
name = "colorama"
version = "0.4.4"
description = "Cross-platform colored terminal text."
category = "dev"
optional = false
python-versions = ">=2.7, !=3.0.*, !=3.1.*, !=3.2.*, !=3.3.*, !=3.4.*"

[[package]]
name = "fastapi"
version = "0.63.0"
description = "FastAPI framework, high performance, easy to learn, fast to code, ready for production"
category = "main"
optional = false
python-versions = ">=3.6"

[package.dependencies]
pydantic = ">=1.0.0,<2.0.0"
starlette = "0.13.6"

[package.extras]
all = ["requests (>=2.24.0,<3.0.0)", "aiofiles (>=0.5.0,<0.6.0)", "jinja2 (>=2.11.2,<3.0.0)", "python-multipart (>=0.0.5,<0.0.6)", "itsdangerous (>=1.1.0,<2.0.0)", "pyyaml (>=5.3.1,<6.0.0)", "graphene (>=2.1.8,<3.0.0)", "ujson (>=3.0.0,<4.0.0)", "orjson (>=3.2.1,<4.0.0)", "email_validator (>=1.1.1,<2.0.0)", "uvicorn[standard] (>=0.12.0,<0.14.0)", "async_exit_stack (>=1.0.1,<2.0.0)", "async_generator (>=1.10,<2.0.0)"]
dev = ["python-jose[cryptography] (>=3.1.0,<4.0.0)", "passlib[bcrypt] (>=1.7.2,<2.0.0)", "autoflake (>=1.3.1,<2.0.0)", "flake8 (>=3.8.3,<4.0.0)", "uvicorn[standard] (>=0.12.0,<0.14.0)", "graphene (>=2.1.8,<3.0.0)"]
doc = ["mkdocs (>=1.1.2,<2.0.0)", "mkdocs-material (>=6.1.4,<7.0.0)", "markdown-include (>=0.5.1,<0.6.0)", "mkdocs-markdownextradata-plugin (>=0.1.7,<0.2.0)", "typer-cli (>=0.0.9,<0.0.10)", "pyyaml (>=5.3.1,<6.0.0)"]
test = ["pytest (==5.4.3)", "pytest-cov (==2.10.0)", "pytest-asyncio (>=0.14.0,<0.15.0)", "mypy (==0.790)", "flake8 (>=3.8.3,<4.0.0)", "black (==20.8b1)", "isort (>=5.0.6,<6.0.0)", "requests (>=2.24.0,<3.0.0)", "httpx (>=0.14.0,<0.15.0)", "email_validator (>=1.1.1,<2.0.0)", "sqlalchemy (>=1.3.18,<2.0.0)", "peewee (>=3.13.3,<4.0.0)", "databases[sqlite] (>=0.3.2,<0.4.0)", "orjson (>=3.2.1,<4.0.0)", "async_exit_stack (>=1.0.1,<2.0.0)", "async_generator (>=1.10,<2.0.0)", "python-multipart (>=0.0.5,<0.0.6)", "aiofiles (>=0.5.0,<0.6.0)", "flask (>=1.1.2,<2.0.0)"]

[[package]]
name = "h11"
version = "0.12.0"
description = "A pure-Python, bring-your-own-I/O implementation of HTTP/1.1"
category = "main"
optional = false
python-versions = ">=3.6"

[[package]]
name = "httptools"
version = "0.1.1"
description = "A collection of framework independent HTTP protocol utils."
category = "main"
optional = false
python-versions = "*"

[package.extras]
test = ["Cython (==0.29.14)"]

[[package]]
name = "idna"
version = "2.10"
description = "Internationalized Domain Names in Applications (IDNA)"
category = "main"
optional = false
python-versions = ">=2.7, !=3.0.*, !=3.1.*, !=3.2.*, !=3.3.*"

[[package]]
name = "importlib-metadata"
version = "1.7.0"
description = "Read metadata from Python packages"
category = "main"
optional = false
python-versions = "!=3.0.*,!=3.1.*,!=3.2.*,!=3.3.*,!=3.4.*,>=2.7"

[package.dependencies]
zipp = ">=0.5"

[package.extras]
docs = ["sphinx", "rst.linker"]
testing = ["packaging", "pep517", "importlib-resources (>=1.3)"]

[[package]]
name = "indico-client"
version = "4.9.0"
description = "A Python Wrapper for indico app API."
category = "main"
optional = false
python-versions = "*"

[package.dependencies]
importlib-metadata = {version = ">=1.0,<2.0", markers = "python_version < \"3.8\""}
msgpack = "1.0.0"
msgpack-numpy = "0.4.4.3"
numpy = ">=1.16.0"
pandas = ">=1.0.3"
Pillow = ">=6.2.0"
requests = ">=2.22.0"

[[package]]
name = "more-itertools"
version = "8.7.0"
description = "More routines for operating on iterables, beyond itertools"
category = "dev"
optional = false
python-versions = ">=3.5"

[[package]]
name = "msgpack"
version = "1.0.0"
description = "MessagePack (de)serializer."
category = "main"
optional = false
python-versions = "*"

[[package]]
name = "msgpack-numpy"
version = "0.4.4.3"
description = "Numpy data serialization using msgpack"
category = "main"
optional = false
python-versions = "*"

[package.dependencies]
msgpack = ">=0.5.2"
numpy = ">=1.9.0"

[[package]]
name = "numpy"
version = "1.20.2"
description = "NumPy is the fundamental package for array computing with Python."
category = "main"
optional = false
python-versions = ">=3.7"

[[package]]
name = "packaging"
version = "20.9"
description = "Core utilities for Python packages"
category = "dev"
optional = false
python-versions = ">=2.7, !=3.0.*, !=3.1.*, !=3.2.*, !=3.3.*"

[package.dependencies]
pyparsing = ">=2.0.2"

[[package]]
name = "pandas"
version = "1.1.5"
description = "Powerful data structures for data analysis, time series, and statistics"
category = "main"
optional = false
python-versions = ">=3.6.1"

[package.dependencies]
numpy = ">=1.15.4"
python-dateutil = ">=2.7.3"
pytz = ">=2017.2"

[package.extras]
test = ["pytest (>=4.0.2)", "pytest-xdist", "hypothesis (>=3.58)"]

[[package]]
name = "pillow"
version = "8.2.0"
description = "Python Imaging Library (Fork)"
category = "main"
optional = false
python-versions = ">=3.6"

[[package]]
name = "pluggy"
version = "0.13.1"
description = "plugin and hook calling mechanisms for python"
category = "dev"
optional = false
python-versions = ">=2.7, !=3.0.*, !=3.1.*, !=3.2.*, !=3.3.*"

[package.dependencies]
importlib-metadata = {version = ">=0.12", markers = "python_version < \"3.8\""}

[package.extras]
dev = ["pre-commit", "tox"]

[[package]]
name = "py"
version = "1.10.0"
description = "library with cross-python path, ini-parsing, io, code, log facilities"
category = "dev"
optional = false
python-versions = ">=2.7, !=3.0.*, !=3.1.*, !=3.2.*, !=3.3.*"

[[package]]
name = "pydantic"
version = "1.8.1"
description = "Data validation and settings management using python 3.6 type hinting"
category = "main"
optional = false
python-versions = ">=3.6.1"

[package.dependencies]
typing-extensions = ">=3.7.4.3"

[package.extras]
dotenv = ["python-dotenv (>=0.10.4)"]
email = ["email-validator (>=1.0.3)"]

[[package]]
name = "pyparsing"
version = "2.4.7"
description = "Python parsing module"
category = "dev"
optional = false
python-versions = ">=2.6, !=3.0.*, !=3.1.*, !=3.2.*"

[[package]]
name = "pytest"
version = "5.4.3"
description = "pytest: simple powerful testing with Python"
category = "dev"
optional = false
python-versions = ">=3.5"

[package.dependencies]
atomicwrites = {version = ">=1.0", markers = "sys_platform == \"win32\""}
attrs = ">=17.4.0"
colorama = {version = "*", markers = "sys_platform == \"win32\""}
importlib-metadata = {version = ">=0.12", markers = "python_version < \"3.8\""}
more-itertools = ">=4.0.0"
packaging = "*"
pluggy = ">=0.12,<1.0"
py = ">=1.5.0"
wcwidth = "*"

[package.extras]
checkqa-mypy = ["mypy (==v0.761)"]
testing = ["argcomplete", "hypothesis (>=3.56)", "mock", "nose", "requests", "xmlschema"]

[[package]]
name = "python-dateutil"
version = "2.8.1"
description = "Extensions to the standard Python datetime module"
category = "main"
optional = false
python-versions = "!=3.0.*,!=3.1.*,!=3.2.*,>=2.7"

[package.dependencies]
six = ">=1.5"

[[package]]
name = "pytz"
version = "2021.1"
description = "World timezone definitions, modern and historical"
category = "main"
optional = false
python-versions = "*"

[[package]]
name = "requests"
version = "2.25.1"
description = "Python HTTP for Humans."
category = "main"
optional = false
python-versions = ">=2.7, !=3.0.*, !=3.1.*, !=3.2.*, !=3.3.*, !=3.4.*"

[package.dependencies]
certifi = ">=2017.4.17"
chardet = ">=3.0.2,<5"
idna = ">=2.5,<3"
urllib3 = ">=1.21.1,<1.27"

[package.extras]
security = ["pyOpenSSL (>=0.14)", "cryptography (>=1.3.4)"]
socks = ["PySocks (>=1.5.6,!=1.5.7)", "win-inet-pton"]

[[package]]
name = "six"
version = "1.15.0"
description = "Python 2 and 3 compatibility utilities"
category = "main"
optional = false
python-versions = ">=2.7, !=3.0.*, !=3.1.*, !=3.2.*"

[[package]]
name = "starlette"
version = "0.13.6"
description = "The little ASGI library that shines."
category = "main"
optional = false
python-versions = ">=3.6"

[package.extras]
full = ["aiofiles", "graphene", "itsdangerous", "jinja2", "python-multipart", "pyyaml", "requests", "ujson"]

[[package]]
name = "typing-extensions"
version = "3.7.4.3"
description = "Backported and Experimental Type Hints for Python 3.5+"
category = "main"
optional = false
python-versions = "*"

[[package]]
name = "urllib3"
version = "1.26.4"
description = "HTTP library with thread-safe connection pooling, file post, and more."
category = "main"
optional = false
python-versions = ">=2.7, !=3.0.*, !=3.1.*, !=3.2.*, !=3.3.*, !=3.4.*, <4"

[package.extras]
secure = ["pyOpenSSL (>=0.14)", "cryptography (>=1.3.4)", "idna (>=2.0.0)", "certifi", "ipaddress"]
socks = ["PySocks (>=1.5.6,!=1.5.7,<2.0)"]
brotli = ["brotlipy (>=0.6.0)"]

[[package]]
name = "uvicorn"
version = "0.13.4"
description = "The lightning-fast ASGI server."
category = "main"
optional = false
python-versions = "*"

[package.dependencies]
click = ">=7.0.0,<8.0.0"
h11 = ">=0.8"
typing-extensions = {version = "*", markers = "python_version < \"3.8\""}

[package.extras]
standard = ["websockets (>=8.0.0,<9.0.0)", "watchgod (>=0.6)", "python-dotenv (>=0.13)", "PyYAML (>=5.1)", "httptools (>=0.1.0,<0.2.0)", "uvloop (>=0.14.0,!=0.15.0,!=0.15.1)", "colorama (>=0.4)"]

[[package]]
name = "uvloop"
version = "0.15.2"
description = "Fast implementation of asyncio event loop on top of libuv"
category = "main"
optional = false
python-versions = ">=3.7"

[package.extras]
dev = ["Cython (>=0.29.20,<0.30.0)", "pytest (>=3.6.0)", "Sphinx (>=1.7.3,<1.8.0)", "sphinxcontrib-asyncio (>=0.2.0,<0.3.0)", "sphinx-rtd-theme (>=0.2.4,<0.3.0)", "aiohttp", "flake8 (>=3.8.4,<3.9.0)", "psutil", "pycodestyle (>=2.6.0,<2.7.0)", "pyOpenSSL (>=19.0.0,<19.1.0)", "mypy (>=0.800)"]
docs = ["Sphinx (>=1.7.3,<1.8.0)", "sphinxcontrib-asyncio (>=0.2.0,<0.3.0)", "sphinx-rtd-theme (>=0.2.4,<0.3.0)"]
test = ["aiohttp", "flake8 (>=3.8.4,<3.9.0)", "psutil", "pycodestyle (>=2.6.0,<2.7.0)", "pyOpenSSL (>=19.0.0,<19.1.0)", "mypy (>=0.800)"]

[[package]]
name = "wcwidth"
version = "0.2.5"
description = "Measures the displayed width of unicode strings in a terminal"
category = "dev"
optional = false
python-versions = "*"

[[package]]
name = "zipp"
version = "3.4.1"
description = "Backport of pathlib-compatible object wrapper for zip files"
category = "main"
optional = false
python-versions = ">=3.6"

[package.extras]
docs = ["sphinx", "jaraco.packaging (>=8.2)", "rst.linker (>=1.9)"]
testing = ["pytest (>=4.6)", "pytest-checkdocs (>=1.2.3)", "pytest-flake8", "pytest-cov", "pytest-enabler", "jaraco.itertools", "func-timeout", "pytest-black (>=0.3.7)", "pytest-mypy"]

[metadata]
lock-version = "1.1"
python-versions = "^3.7"
content-hash = "3b4c0e1a8dae9186ecd13dc80fdf9aae817ed004ea7c1b17b20e0128fd585644"

[metadata.files]
atomicwrites = [
    {file = "atomicwrites-1.4.0-py2.py3-none-any.whl", hash = "sha256:6d1784dea7c0c8d4a5172b6c620f40b6e4cbfdf96d783691f2e1302a7b88e197"},
    {file = "atomicwrites-1.4.0.tar.gz", hash = "sha256:ae70396ad1a434f9c7046fd2dd196fc04b12f9e91ffb859164193be8b6168a7a"},
]
attrs = [
    {file = "attrs-20.3.0-py2.py3-none-any.whl", hash = "sha256:31b2eced602aa8423c2aea9c76a724617ed67cf9513173fd3a4f03e3a929c7e6"},
    {file = "attrs-20.3.0.tar.gz", hash = "sha256:832aa3cde19744e49938b91fea06d69ecb9e649c93ba974535d08ad92164f700"},
]
certifi = [
    {file = "certifi-2020.12.5-py2.py3-none-any.whl", hash = "sha256:719a74fb9e33b9bd44cc7f3a8d94bc35e4049deebe19ba7d8e108280cfd59830"},
    {file = "certifi-2020.12.5.tar.gz", hash = "sha256:1a4995114262bffbc2413b159f2a1a480c969de6e6eb13ee966d470af86af59c"},
]
chardet = [
    {file = "chardet-4.0.0-py2.py3-none-any.whl", hash = "sha256:f864054d66fd9118f2e67044ac8981a54775ec5b67aed0441892edb553d21da5"},
    {file = "chardet-4.0.0.tar.gz", hash = "sha256:0d6f53a15db4120f2b08c94f11e7d93d2c911ee118b6b30a04ec3ee8310179fa"},
]
click = [
    {file = "click-7.1.2-py2.py3-none-any.whl", hash = "sha256:dacca89f4bfadd5de3d7489b7c8a566eee0d3676333fbb50030263894c38c0dc"},
    {file = "click-7.1.2.tar.gz", hash = "sha256:d2b5255c7c6349bc1bd1e59e08cd12acbbd63ce649f2588755783aa94dfb6b1a"},
]
colorama = [
    {file = "colorama-0.4.4-py2.py3-none-any.whl", hash = "sha256:9f47eda37229f68eee03b24b9748937c7dc3868f906e8ba69fbcbdd3bc5dc3e2"},
    {file = "colorama-0.4.4.tar.gz", hash = "sha256:5941b2b48a20143d2267e95b1c2a7603ce057ee39fd88e7329b0c292aa16869b"},
]
fastapi = [
    {file = "fastapi-0.63.0-py3-none-any.whl", hash = "sha256:98d8ea9591d8512fdadf255d2a8fa56515cdd8624dca4af369da73727409508e"},
    {file = "fastapi-0.63.0.tar.gz", hash = "sha256:63c4592f5ef3edf30afa9a44fa7c6b7ccb20e0d3f68cd9eba07b44d552058dcb"},
]
h11 = [
    {file = "h11-0.12.0-py3-none-any.whl", hash = "sha256:36a3cb8c0a032f56e2da7084577878a035d3b61d104230d4bd49c0c6b555a9c6"},
    {file = "h11-0.12.0.tar.gz", hash = "sha256:47222cb6067e4a307d535814917cd98fd0a57b6788ce715755fa2b6c28b56042"},
]
httptools = [
    {file = "httptools-0.1.1-cp35-cp35m-macosx_10_13_x86_64.whl", hash = "sha256:a2719e1d7a84bb131c4f1e0cb79705034b48de6ae486eb5297a139d6a3296dce"},
    {file = "httptools-0.1.1-cp35-cp35m-manylinux1_x86_64.whl", hash = "sha256:fa3cd71e31436911a44620473e873a256851e1f53dee56669dae403ba41756a4"},
    {file = "httptools-0.1.1-cp36-cp36m-macosx_10_13_x86_64.whl", hash = "sha256:86c6acd66765a934e8730bf0e9dfaac6fdcf2a4334212bd4a0a1c78f16475ca6"},
    {file = "httptools-0.1.1-cp36-cp36m-manylinux1_x86_64.whl", hash = "sha256:bc3114b9edbca5a1eb7ae7db698c669eb53eb8afbbebdde116c174925260849c"},
    {file = "httptools-0.1.1-cp36-cp36m-win_amd64.whl", hash = "sha256:ac0aa11e99454b6a66989aa2d44bca41d4e0f968e395a0a8f164b401fefe359a"},
    {file = "httptools-0.1.1-cp37-cp37m-macosx_10_13_x86_64.whl", hash = "sha256:96da81e1992be8ac2fd5597bf0283d832287e20cb3cfde8996d2b00356d4e17f"},
    {file = "httptools-0.1.1-cp37-cp37m-manylinux1_x86_64.whl", hash = "sha256:56b6393c6ac7abe632f2294da53f30d279130a92e8ae39d8d14ee2e1b05ad1f2"},
    {file = "httptools-0.1.1-cp37-cp37m-win_amd64.whl", hash = "sha256:96eb359252aeed57ea5c7b3d79839aaa0382c9d3149f7d24dd7172b1bcecb009"},
    {file = "httptools-0.1.1-cp38-cp38-macosx_10_13_x86_64.whl", hash = "sha256:fea04e126014169384dee76a153d4573d90d0cbd1d12185da089f73c78390437"},
    {file = "httptools-0.1.1-cp38-cp38-manylinux1_x86_64.whl", hash = "sha256:3592e854424ec94bd17dc3e0c96a64e459ec4147e6d53c0a42d0ebcef9cb9c5d"},
    {file = "httptools-0.1.1-cp38-cp38-win_amd64.whl", hash = "sha256:0a4b1b2012b28e68306575ad14ad5e9120b34fccd02a81eb08838d7e3bbb48be"},
    {file = "httptools-0.1.1.tar.gz", hash = "sha256:41b573cf33f64a8f8f3400d0a7faf48e1888582b6f6e02b82b9bd4f0bf7497ce"},
]
idna = [
    {file = "idna-2.10-py2.py3-none-any.whl", hash = "sha256:b97d804b1e9b523befed77c48dacec60e6dcb0b5391d57af6a65a312a90648c0"},
    {file = "idna-2.10.tar.gz", hash = "sha256:b307872f855b18632ce0c21c5e45be78c0ea7ae4c15c828c20788b26921eb3f6"},
]
importlib-metadata = [
    {file = "importlib_metadata-1.7.0-py2.py3-none-any.whl", hash = "sha256:dc15b2969b4ce36305c51eebe62d418ac7791e9a157911d58bfb1f9ccd8e2070"},
    {file = "importlib_metadata-1.7.0.tar.gz", hash = "sha256:90bb658cdbbf6d1735b6341ce708fc7024a3e14e99ffdc5783edea9f9b077f83"},
]
indico-client = [
    {file = "indico-client-4.9.0.tar.gz", hash = "sha256:56241897fadb6fe77dbbb4822c8349ae37032d4bccf42f07c9516fbf05ca760e"},
]
more-itertools = [
    {file = "more-itertools-8.7.0.tar.gz", hash = "sha256:c5d6da9ca3ff65220c3bfd2a8db06d698f05d4d2b9be57e1deb2be5a45019713"},
    {file = "more_itertools-8.7.0-py3-none-any.whl", hash = "sha256:5652a9ac72209ed7df8d9c15daf4e1aa0e3d2ccd3c87f8265a0673cd9cbc9ced"},
]
msgpack = [
    {file = "msgpack-1.0.0-cp35-cp35m-manylinux1_i686.whl", hash = "sha256:cec8bf10981ed70998d98431cd814db0ecf3384e6b113366e7f36af71a0fca08"},
    {file = "msgpack-1.0.0-cp35-cp35m-manylinux1_x86_64.whl", hash = "sha256:aa5c057eab4f40ec47ea6f5a9825846be2ff6bf34102c560bad5cad5a677c5be"},
    {file = "msgpack-1.0.0-cp36-cp36m-macosx_10_13_x86_64.whl", hash = "sha256:4233b7f86c1208190c78a525cd3828ca1623359ef48f78a6fea4b91bb995775a"},
    {file = "msgpack-1.0.0-cp36-cp36m-manylinux1_i686.whl", hash = "sha256:b3758dfd3423e358bbb18a7cccd1c74228dffa7a697e5be6cb9535de625c0dbf"},
    {file = "msgpack-1.0.0-cp36-cp36m-manylinux1_x86_64.whl", hash = "sha256:25b3bc3190f3d9d965b818123b7752c5dfb953f0d774b454fd206c18fe384fb8"},
    {file = "msgpack-1.0.0-cp36-cp36m-win32.whl", hash = "sha256:e7bbdd8e2b277b77782f3ce34734b0dfde6cbe94ddb74de8d733d603c7f9e2b1"},
    {file = "msgpack-1.0.0-cp36-cp36m-win_amd64.whl", hash = "sha256:5dba6d074fac9b24f29aaf1d2d032306c27f04187651511257e7831733293ec2"},
    {file = "msgpack-1.0.0-cp37-cp37m-macosx_10_13_x86_64.whl", hash = "sha256:908944e3f038bca67fcfedb7845c4a257c7749bf9818632586b53bcf06ba4b97"},
    {file = "msgpack-1.0.0-cp37-cp37m-manylinux1_i686.whl", hash = "sha256:db685187a415f51d6b937257474ca72199f393dad89534ebbdd7d7a3b000080e"},
    {file = "msgpack-1.0.0-cp37-cp37m-manylinux1_x86_64.whl", hash = "sha256:ea41c9219c597f1d2bf6b374d951d310d58684b5de9dc4bd2976db9e1e22c140"},
    {file = "msgpack-1.0.0-cp37-cp37m-win32.whl", hash = "sha256:e35b051077fc2f3ce12e7c6a34cf309680c63a842db3a0616ea6ed25ad20d272"},
    {file = "msgpack-1.0.0-cp37-cp37m-win_amd64.whl", hash = "sha256:5bea44181fc8e18eed1d0cd76e355073f00ce232ff9653a0ae88cb7d9e643322"},
    {file = "msgpack-1.0.0-cp38-cp38-macosx_10_13_x86_64.whl", hash = "sha256:c901e8058dd6653307906c5f157f26ed09eb94a850dddd989621098d347926ab"},
    {file = "msgpack-1.0.0-cp38-cp38-manylinux1_i686.whl", hash = "sha256:271b489499a43af001a2e42f42d876bb98ccaa7e20512ff37ca78c8e12e68f84"},
    {file = "msgpack-1.0.0-cp38-cp38-manylinux1_x86_64.whl", hash = "sha256:7a22c965588baeb07242cb561b63f309db27a07382825fc98aecaf0827c1538e"},
    {file = "msgpack-1.0.0-cp38-cp38-win32.whl", hash = "sha256:002a0d813e1f7b60da599bdf969e632074f9eec1b96cbed8fb0973a63160a408"},
    {file = "msgpack-1.0.0-cp38-cp38-win_amd64.whl", hash = "sha256:39c54fdebf5fa4dda733369012c59e7d085ebdfe35b6cf648f09d16708f1be5d"},
    {file = "msgpack-1.0.0.tar.gz", hash = "sha256:9534d5cc480d4aff720233411a1f765be90885750b07df772380b34c10ecb5c0"},
]
msgpack-numpy = [
    {file = "msgpack-numpy-0.4.4.3.tar.gz", hash = "sha256:a02c0069fb580c6a2dda9b98d40d34fda3840863112a5465ba9b54fa2ee005a5"},
    {file = "msgpack_numpy-0.4.4.3-py2.py3-none-any.whl", hash = "sha256:ae5f04d4a2274d14549dd057f3ae03a0523700a13dae3e906ddaf2a6d2844400"},
]
numpy = [
    {file = "numpy-1.20.2-cp37-cp37m-macosx_10_9_x86_64.whl", hash = "sha256:e9459f40244bb02b2f14f6af0cd0732791d72232bbb0dc4bab57ef88e75f6935"},
    {file = "numpy-1.20.2-cp37-cp37m-manylinux1_i686.whl", hash = "sha256:a8e6859913ec8eeef3dbe9aed3bf475347642d1cdd6217c30f28dee8903528e6"},
    {file = "numpy-1.20.2-cp37-cp37m-manylinux1_x86_64.whl", hash = "sha256:9cab23439eb1ebfed1aaec9cd42b7dc50fc96d5cd3147da348d9161f0501ada5"},
    {file = "numpy-1.20.2-cp37-cp37m-manylinux2010_i686.whl", hash = "sha256:9c0fab855ae790ca74b27e55240fe4f2a36a364a3f1ebcfd1fb5ac4088f1cec3"},
    {file = "numpy-1.20.2-cp37-cp37m-manylinux2010_x86_64.whl", hash = "sha256:61d5b4cf73622e4d0c6b83408a16631b670fc045afd6540679aa35591a17fe6d"},
    {file = "numpy-1.20.2-cp37-cp37m-manylinux2014_aarch64.whl", hash = "sha256:d15007f857d6995db15195217afdbddfcd203dfaa0ba6878a2f580eaf810ecd6"},
    {file = "numpy-1.20.2-cp37-cp37m-win32.whl", hash = "sha256:d76061ae5cab49b83a8cf3feacefc2053fac672728802ac137dd8c4123397677"},
    {file = "numpy-1.20.2-cp37-cp37m-win_amd64.whl", hash = "sha256:bad70051de2c50b1a6259a6df1daaafe8c480ca98132da98976d8591c412e737"},
    {file = "numpy-1.20.2-cp38-cp38-macosx_10_9_x86_64.whl", hash = "sha256:719656636c48be22c23641859ff2419b27b6bdf844b36a2447cb39caceb00935"},
    {file = "numpy-1.20.2-cp38-cp38-manylinux1_i686.whl", hash = "sha256:aa046527c04688af680217fffac61eec2350ef3f3d7320c07fd33f5c6e7b4d5f"},
    {file = "numpy-1.20.2-cp38-cp38-manylinux1_x86_64.whl", hash = "sha256:2428b109306075d89d21135bdd6b785f132a1f5a3260c371cee1fae427e12727"},
    {file = "numpy-1.20.2-cp38-cp38-manylinux2010_i686.whl", hash = "sha256:e8e4fbbb7e7634f263c5b0150a629342cc19b47c5eba8d1cd4363ab3455ab576"},
    {file = "numpy-1.20.2-cp38-cp38-manylinux2010_x86_64.whl", hash = "sha256:edb1f041a9146dcf02cd7df7187db46ab524b9af2515f392f337c7cbbf5b52cd"},
    {file = "numpy-1.20.2-cp38-cp38-manylinux2014_aarch64.whl", hash = "sha256:c73a7975d77f15f7f68dacfb2bca3d3f479f158313642e8ea9058eea06637931"},
    {file = "numpy-1.20.2-cp38-cp38-win32.whl", hash = "sha256:6c915ee7dba1071554e70a3664a839fbc033e1d6528199d4621eeaaa5487ccd2"},
    {file = "numpy-1.20.2-cp38-cp38-win_amd64.whl", hash = "sha256:471c0571d0895c68da309dacee4e95a0811d0a9f9f532a48dc1bea5f3b7ad2b7"},
    {file = "numpy-1.20.2-cp39-cp39-macosx_10_9_x86_64.whl", hash = "sha256:4703b9e937df83f5b6b7447ca5912b5f5f297aba45f91dbbbc63ff9278c7aa98"},
    {file = "numpy-1.20.2-cp39-cp39-manylinux2010_i686.whl", hash = "sha256:abc81829c4039e7e4c30f7897938fa5d4916a09c2c7eb9b244b7a35ddc9656f4"},
    {file = "numpy-1.20.2-cp39-cp39-manylinux2010_x86_64.whl", hash = "sha256:377751954da04d4a6950191b20539066b4e19e3b559d4695399c5e8e3e683bf6"},
    {file = "numpy-1.20.2-cp39-cp39-manylinux2014_aarch64.whl", hash = "sha256:6e51e417d9ae2e7848314994e6fc3832c9d426abce9328cf7571eefceb43e6c9"},
    {file = "numpy-1.20.2-cp39-cp39-win32.whl", hash = "sha256:780ae5284cb770ade51d4b4a7dce4faa554eb1d88a56d0e8b9f35fca9b0270ff"},
    {file = "numpy-1.20.2-cp39-cp39-win_amd64.whl", hash = "sha256:924dc3f83de20437de95a73516f36e09918e9c9c18d5eac520062c49191025fb"},
    {file = "numpy-1.20.2-pp37-pypy37_pp73-manylinux2010_x86_64.whl", hash = "sha256:97ce8b8ace7d3b9288d88177e66ee75480fb79b9cf745e91ecfe65d91a856042"},
    {file = "numpy-1.20.2.zip", hash = "sha256:878922bf5ad7550aa044aa9301d417e2d3ae50f0f577de92051d739ac6096cee"},
]
packaging = [
    {file = "packaging-20.9-py2.py3-none-any.whl", hash = "sha256:67714da7f7bc052e064859c05c595155bd1ee9f69f76557e21f051443c20947a"},
    {file = "packaging-20.9.tar.gz", hash = "sha256:5b327ac1320dc863dca72f4514ecc086f31186744b84a230374cc1fd776feae5"},
]
pandas = [
    {file = "pandas-1.1.5-cp36-cp36m-macosx_10_9_x86_64.whl", hash = "sha256:bf23a3b54d128b50f4f9d4675b3c1857a688cc6731a32f931837d72effb2698d"},
    {file = "pandas-1.1.5-cp36-cp36m-manylinux1_i686.whl", hash = "sha256:5a780260afc88268a9d3ac3511d8f494fdcf637eece62fb9eb656a63d53eb7ca"},
    {file = "pandas-1.1.5-cp36-cp36m-manylinux1_x86_64.whl", hash = "sha256:b61080750d19a0122469ab59b087380721d6b72a4e7d962e4d7e63e0c4504814"},
    {file = "pandas-1.1.5-cp36-cp36m-manylinux2014_aarch64.whl", hash = "sha256:0de3ddb414d30798cbf56e642d82cac30a80223ad6fe484d66c0ce01a84d6f2f"},
    {file = "pandas-1.1.5-cp36-cp36m-win32.whl", hash = "sha256:70865f96bb38fec46f7ebd66d4b5cfd0aa6b842073f298d621385ae3898d28b5"},
    {file = "pandas-1.1.5-cp36-cp36m-win_amd64.whl", hash = "sha256:19a2148a1d02791352e9fa637899a78e371a3516ac6da5c4edc718f60cbae648"},
    {file = "pandas-1.1.5-cp37-cp37m-macosx_10_9_x86_64.whl", hash = "sha256:26fa92d3ac743a149a31b21d6f4337b0594b6302ea5575b37af9ca9611e8981a"},
    {file = "pandas-1.1.5-cp37-cp37m-manylinux1_i686.whl", hash = "sha256:c16d59c15d946111d2716856dd5479221c9e4f2f5c7bc2d617f39d870031e086"},
    {file = "pandas-1.1.5-cp37-cp37m-manylinux1_x86_64.whl", hash = "sha256:3be7a7a0ca71a2640e81d9276f526bca63505850add10206d0da2e8a0a325dae"},
    {file = "pandas-1.1.5-cp37-cp37m-manylinux2014_aarch64.whl", hash = "sha256:573fba5b05bf2c69271a32e52399c8de599e4a15ab7cec47d3b9c904125ab788"},
    {file = "pandas-1.1.5-cp37-cp37m-win32.whl", hash = "sha256:21b5a2b033380adbdd36b3116faaf9a4663e375325831dac1b519a44f9e439bb"},
    {file = "pandas-1.1.5-cp37-cp37m-win_amd64.whl", hash = "sha256:24c7f8d4aee71bfa6401faeba367dd654f696a77151a8a28bc2013f7ced4af98"},
    {file = "pandas-1.1.5-cp38-cp38-macosx_10_9_x86_64.whl", hash = "sha256:2860a97cbb25444ffc0088b457da0a79dc79f9c601238a3e0644312fcc14bf11"},
    {file = "pandas-1.1.5-cp38-cp38-manylinux1_i686.whl", hash = "sha256:5008374ebb990dad9ed48b0f5d0038124c73748f5384cc8c46904dace27082d9"},
    {file = "pandas-1.1.5-cp38-cp38-manylinux1_x86_64.whl", hash = "sha256:2c2f7c670ea4e60318e4b7e474d56447cf0c7d83b3c2a5405a0dbb2600b9c48e"},
    {file = "pandas-1.1.5-cp38-cp38-manylinux2014_aarch64.whl", hash = "sha256:0a643bae4283a37732ddfcecab3f62dd082996021b980f580903f4e8e01b3c5b"},
    {file = "pandas-1.1.5-cp38-cp38-win32.whl", hash = "sha256:5447ea7af4005b0daf695a316a423b96374c9c73ffbd4533209c5ddc369e644b"},
    {file = "pandas-1.1.5-cp38-cp38-win_amd64.whl", hash = "sha256:4c62e94d5d49db116bef1bd5c2486723a292d79409fc9abd51adf9e05329101d"},
    {file = "pandas-1.1.5-cp39-cp39-macosx_10_9_x86_64.whl", hash = "sha256:731568be71fba1e13cae212c362f3d2ca8932e83cb1b85e3f1b4dd77d019254a"},
    {file = "pandas-1.1.5-cp39-cp39-manylinux1_i686.whl", hash = "sha256:c61c043aafb69329d0f961b19faa30b1dab709dd34c9388143fc55680059e55a"},
    {file = "pandas-1.1.5-cp39-cp39-manylinux1_x86_64.whl", hash = "sha256:2b1c6cd28a0dfda75c7b5957363333f01d370936e4c6276b7b8e696dd500582a"},
    {file = "pandas-1.1.5-cp39-cp39-win32.whl", hash = "sha256:c94ff2780a1fd89f190390130d6d36173ca59fcfb3fe0ff596f9a56518191ccb"},
    {file = "pandas-1.1.5-cp39-cp39-win_amd64.whl", hash = "sha256:edda9bacc3843dfbeebaf7a701763e68e741b08fccb889c003b0a52f0ee95782"},
    {file = "pandas-1.1.5.tar.gz", hash = "sha256:f10fc41ee3c75a474d3bdf68d396f10782d013d7f67db99c0efbfd0acb99701b"},
]
pillow = [
    {file = "Pillow-8.2.0-cp36-cp36m-macosx_10_10_x86_64.whl", hash = "sha256:dc38f57d8f20f06dd7c3161c59ca2c86893632623f33a42d592f097b00f720a9"},
    {file = "Pillow-8.2.0-cp36-cp36m-manylinux1_i686.whl", hash = "sha256:a013cbe25d20c2e0c4e85a9daf438f85121a4d0344ddc76e33fd7e3965d9af4b"},
    {file = "Pillow-8.2.0-cp36-cp36m-manylinux1_x86_64.whl", hash = "sha256:8bb1e155a74e1bfbacd84555ea62fa21c58e0b4e7e6b20e4447b8d07990ac78b"},
    {file = "Pillow-8.2.0-cp36-cp36m-manylinux2014_aarch64.whl", hash = "sha256:c5236606e8570542ed424849f7852a0ff0bce2c4c8d0ba05cc202a5a9c97dee9"},
    {file = "Pillow-8.2.0-cp36-cp36m-win32.whl", hash = "sha256:12e5e7471f9b637762453da74e390e56cc43e486a88289995c1f4c1dc0bfe727"},
    {file = "Pillow-8.2.0-cp36-cp36m-win_amd64.whl", hash = "sha256:5afe6b237a0b81bd54b53f835a153770802f164c5570bab5e005aad693dab87f"},
    {file = "Pillow-8.2.0-cp37-cp37m-macosx_10_10_x86_64.whl", hash = "sha256:cb7a09e173903541fa888ba010c345893cd9fc1b5891aaf060f6ca77b6a3722d"},
    {file = "Pillow-8.2.0-cp37-cp37m-manylinux1_i686.whl", hash = "sha256:0d19d70ee7c2ba97631bae1e7d4725cdb2ecf238178096e8c82ee481e189168a"},
    {file = "Pillow-8.2.0-cp37-cp37m-manylinux1_x86_64.whl", hash = "sha256:083781abd261bdabf090ad07bb69f8f5599943ddb539d64497ed021b2a67e5a9"},
    {file = "Pillow-8.2.0-cp37-cp37m-manylinux2014_aarch64.whl", hash = "sha256:c6b39294464b03457f9064e98c124e09008b35a62e3189d3513e5148611c9388"},
    {file = "Pillow-8.2.0-cp37-cp37m-win32.whl", hash = "sha256:01425106e4e8cee195a411f729cff2a7d61813b0b11737c12bd5991f5f14bcd5"},
    {file = "Pillow-8.2.0-cp37-cp37m-win_amd64.whl", hash = "sha256:3b570f84a6161cf8865c4e08adf629441f56e32f180f7aa4ccbd2e0a5a02cba2"},
    {file = "Pillow-8.2.0-cp38-cp38-macosx_10_10_x86_64.whl", hash = "sha256:031a6c88c77d08aab84fecc05c3cde8414cd6f8406f4d2b16fed1e97634cc8a4"},
    {file = "Pillow-8.2.0-cp38-cp38-manylinux1_i686.whl", hash = "sha256:66cc56579fd91f517290ab02c51e3a80f581aba45fd924fcdee01fa06e635812"},
    {file = "Pillow-8.2.0-cp38-cp38-manylinux1_x86_64.whl", hash = "sha256:6c32cc3145928c4305d142ebec682419a6c0a8ce9e33db900027ddca1ec39178"},
    {file = "Pillow-8.2.0-cp38-cp38-manylinux2014_aarch64.whl", hash = "sha256:624b977355cde8b065f6d51b98497d6cd5fbdd4f36405f7a8790e3376125e2bb"},
    {file = "Pillow-8.2.0-cp38-cp38-win32.whl", hash = "sha256:5cbf3e3b1014dddc45496e8cf38b9f099c95a326275885199f427825c6522232"},
    {file = "Pillow-8.2.0-cp38-cp38-win_amd64.whl", hash = "sha256:463822e2f0d81459e113372a168f2ff59723e78528f91f0bd25680ac185cf797"},
    {file = "Pillow-8.2.0-cp39-cp39-macosx_10_10_x86_64.whl", hash = "sha256:95d5ef984eff897850f3a83883363da64aae1000e79cb3c321915468e8c6add5"},
    {file = "Pillow-8.2.0-cp39-cp39-macosx_11_0_arm64.whl", hash = "sha256:b91c36492a4bbb1ee855b7d16fe51379e5f96b85692dc8210831fbb24c43e484"},
    {file = "Pillow-8.2.0-cp39-cp39-manylinux1_i686.whl", hash = "sha256:d68cb92c408261f806b15923834203f024110a2e2872ecb0bd2a110f89d3c602"},
    {file = "Pillow-8.2.0-cp39-cp39-manylinux1_x86_64.whl", hash = "sha256:f217c3954ce5fd88303fc0c317af55d5e0204106d86dea17eb8205700d47dec2"},
    {file = "Pillow-8.2.0-cp39-cp39-manylinux2014_aarch64.whl", hash = "sha256:5b70110acb39f3aff6b74cf09bb4169b167e2660dabc304c1e25b6555fa781ef"},
    {file = "Pillow-8.2.0-cp39-cp39-win32.whl", hash = "sha256:a7d5e9fad90eff8f6f6106d3b98b553a88b6f976e51fce287192a5d2d5363713"},
    {file = "Pillow-8.2.0-cp39-cp39-win_amd64.whl", hash = "sha256:238c197fc275b475e87c1453b05b467d2d02c2915fdfdd4af126145ff2e4610c"},
    {file = "Pillow-8.2.0-pp36-pypy36_pp73-macosx_10_10_x86_64.whl", hash = "sha256:0e04d61f0064b545b989126197930807c86bcbd4534d39168f4aa5fda39bb8f9"},
    {file = "Pillow-8.2.0-pp36-pypy36_pp73-manylinux2010_i686.whl", hash = "sha256:63728564c1410d99e6d1ae8e3b810fe012bc440952168af0a2877e8ff5ab96b9"},
    {file = "Pillow-8.2.0-pp36-pypy36_pp73-manylinux2010_x86_64.whl", hash = "sha256:c03c07ed32c5324939b19e36ae5f75c660c81461e312a41aea30acdd46f93a7c"},
    {file = "Pillow-8.2.0-pp37-pypy37_pp73-macosx_10_10_x86_64.whl", hash = "sha256:4d98abdd6b1e3bf1a1cbb14c3895226816e666749ac040c4e2554231068c639b"},
    {file = "Pillow-8.2.0-pp37-pypy37_pp73-manylinux2010_i686.whl", hash = "sha256:aac00e4bc94d1b7813fe882c28990c1bc2f9d0e1aa765a5f2b516e8a6a16a9e4"},
    {file = "Pillow-8.2.0-pp37-pypy37_pp73-manylinux2010_x86_64.whl", hash = "sha256:22fd0f42ad15dfdde6c581347eaa4adb9a6fc4b865f90b23378aa7914895e120"},
    {file = "Pillow-8.2.0-pp37-pypy37_pp73-win32.whl", hash = "sha256:e98eca29a05913e82177b3ba3d198b1728e164869c613d76d0de4bde6768a50e"},
    {file = "Pillow-8.2.0.tar.gz", hash = "sha256:a787ab10d7bb5494e5f76536ac460741788f1fbce851068d73a87ca7c35fc3e1"},
]
pluggy = [
    {file = "pluggy-0.13.1-py2.py3-none-any.whl", hash = "sha256:966c145cd83c96502c3c3868f50408687b38434af77734af1e9ca461a4081d2d"},
    {file = "pluggy-0.13.1.tar.gz", hash = "sha256:15b2acde666561e1298d71b523007ed7364de07029219b604cf808bfa1c765b0"},
]
py = [
    {file = "py-1.10.0-py2.py3-none-any.whl", hash = "sha256:3b80836aa6d1feeaa108e046da6423ab8f6ceda6468545ae8d02d9d58d18818a"},
    {file = "py-1.10.0.tar.gz", hash = "sha256:21b81bda15b66ef5e1a777a21c4dcd9c20ad3efd0b3f817e7a809035269e1bd3"},
]
pydantic = [
    {file = "pydantic-1.8.1-cp36-cp36m-macosx_10_9_x86_64.whl", hash = "sha256:0c40162796fc8d0aa744875b60e4dc36834db9f2a25dbf9ba9664b1915a23850"},
    {file = "pydantic-1.8.1-cp36-cp36m-manylinux1_i686.whl", hash = "sha256:fff29fe54ec419338c522b908154a2efabeee4f483e48990f87e189661f31ce3"},
    {file = "pydantic-1.8.1-cp36-cp36m-manylinux2014_i686.whl", hash = "sha256:fbfb608febde1afd4743c6822c19060a8dbdd3eb30f98e36061ba4973308059e"},
    {file = "pydantic-1.8.1-cp36-cp36m-manylinux2014_x86_64.whl", hash = "sha256:eb8ccf12295113ce0de38f80b25f736d62f0a8d87c6b88aca645f168f9c78771"},
    {file = "pydantic-1.8.1-cp36-cp36m-win_amd64.whl", hash = "sha256:20d42f1be7c7acc352b3d09b0cf505a9fab9deb93125061b376fbe1f06a5459f"},
    {file = "pydantic-1.8.1-cp37-cp37m-macosx_10_9_x86_64.whl", hash = "sha256:dde4ca368e82791de97c2ec019681ffb437728090c0ff0c3852708cf923e0c7d"},
    {file = "pydantic-1.8.1-cp37-cp37m-manylinux1_i686.whl", hash = "sha256:3bbd023c981cbe26e6e21c8d2ce78485f85c2e77f7bab5ec15b7d2a1f491918f"},
    {file = "pydantic-1.8.1-cp37-cp37m-manylinux2014_i686.whl", hash = "sha256:830ef1a148012b640186bf4d9789a206c56071ff38f2460a32ae67ca21880eb8"},
    {file = "pydantic-1.8.1-cp37-cp37m-manylinux2014_x86_64.whl", hash = "sha256:fb77f7a7e111db1832ae3f8f44203691e15b1fa7e5a1cb9691d4e2659aee41c4"},
    {file = "pydantic-1.8.1-cp37-cp37m-win_amd64.whl", hash = "sha256:3bcb9d7e1f9849a6bdbd027aabb3a06414abd6068cb3b21c49427956cce5038a"},
    {file = "pydantic-1.8.1-cp38-cp38-macosx_10_9_x86_64.whl", hash = "sha256:2287ebff0018eec3cc69b1d09d4b7cebf277726fa1bd96b45806283c1d808683"},
    {file = "pydantic-1.8.1-cp38-cp38-manylinux1_i686.whl", hash = "sha256:4bbc47cf7925c86a345d03b07086696ed916c7663cb76aa409edaa54546e53e2"},
    {file = "pydantic-1.8.1-cp38-cp38-manylinux2014_i686.whl", hash = "sha256:6388ef4ef1435364c8cc9a8192238aed030595e873d8462447ccef2e17387125"},
    {file = "pydantic-1.8.1-cp38-cp38-manylinux2014_x86_64.whl", hash = "sha256:dd4888b300769ecec194ca8f2699415f5f7760365ddbe243d4fd6581485fa5f0"},
    {file = "pydantic-1.8.1-cp38-cp38-win_amd64.whl", hash = "sha256:8fbb677e4e89c8ab3d450df7b1d9caed23f254072e8597c33279460eeae59b99"},
    {file = "pydantic-1.8.1-cp39-cp39-macosx_10_9_x86_64.whl", hash = "sha256:2f2736d9a996b976cfdfe52455ad27462308c9d3d0ae21a2aa8b4cd1a78f47b9"},
    {file = "pydantic-1.8.1-cp39-cp39-manylinux1_i686.whl", hash = "sha256:3114d74329873af0a0e8004627f5389f3bb27f956b965ddd3e355fe984a1789c"},
    {file = "pydantic-1.8.1-cp39-cp39-manylinux2014_i686.whl", hash = "sha256:258576f2d997ee4573469633592e8b99aa13bda182fcc28e875f866016c8e07e"},
    {file = "pydantic-1.8.1-cp39-cp39-manylinux2014_x86_64.whl", hash = "sha256:c17a0b35c854049e67c68b48d55e026c84f35593c66d69b278b8b49e2484346f"},
    {file = "pydantic-1.8.1-cp39-cp39-win_amd64.whl", hash = "sha256:e8bc082afef97c5fd3903d05c6f7bb3a6af9fc18631b4cc9fedeb4720efb0c58"},
    {file = "pydantic-1.8.1-py3-none-any.whl", hash = "sha256:e3f8790c47ac42549dc8b045a67b0ca371c7f66e73040d0197ce6172b385e520"},
    {file = "pydantic-1.8.1.tar.gz", hash = "sha256:26cf3cb2e68ec6c0cfcb6293e69fb3450c5fd1ace87f46b64f678b0d29eac4c3"},
]
pyparsing = [
    {file = "pyparsing-2.4.7-py2.py3-none-any.whl", hash = "sha256:ef9d7589ef3c200abe66653d3f1ab1033c3c419ae9b9bdb1240a85b024efc88b"},
    {file = "pyparsing-2.4.7.tar.gz", hash = "sha256:c203ec8783bf771a155b207279b9bccb8dea02d8f0c9e5f8ead507bc3246ecc1"},
]
pytest = [
    {file = "pytest-5.4.3-py3-none-any.whl", hash = "sha256:5c0db86b698e8f170ba4582a492248919255fcd4c79b1ee64ace34301fb589a1"},
    {file = "pytest-5.4.3.tar.gz", hash = "sha256:7979331bfcba207414f5e1263b5a0f8f521d0f457318836a7355531ed1a4c7d8"},
]
python-dateutil = [
    {file = "python-dateutil-2.8.1.tar.gz", hash = "sha256:73ebfe9dbf22e832286dafa60473e4cd239f8592f699aa5adaf10050e6e1823c"},
    {file = "python_dateutil-2.8.1-py2.py3-none-any.whl", hash = "sha256:75bb3f31ea686f1197762692a9ee6a7550b59fc6ca3a1f4b5d7e32fb98e2da2a"},
]
pytz = [
    {file = "pytz-2021.1-py2.py3-none-any.whl", hash = "sha256:eb10ce3e7736052ed3623d49975ce333bcd712c7bb19a58b9e2089d4057d0798"},
    {file = "pytz-2021.1.tar.gz", hash = "sha256:83a4a90894bf38e243cf052c8b58f381bfe9a7a483f6a9cab140bc7f702ac4da"},
]
requests = [
    {file = "requests-2.25.1-py2.py3-none-any.whl", hash = "sha256:c210084e36a42ae6b9219e00e48287def368a26d03a048ddad7bfee44f75871e"},
    {file = "requests-2.25.1.tar.gz", hash = "sha256:27973dd4a904a4f13b263a19c866c13b92a39ed1c964655f025f3f8d3d75b804"},
]
six = [
    {file = "six-1.15.0-py2.py3-none-any.whl", hash = "sha256:8b74bedcbbbaca38ff6d7491d76f2b06b3592611af620f8426e82dddb04a5ced"},
    {file = "six-1.15.0.tar.gz", hash = "sha256:30639c035cdb23534cd4aa2dd52c3bf48f06e5f4a941509c8bafd8ce11080259"},
]
starlette = [
    {file = "starlette-0.13.6-py3-none-any.whl", hash = "sha256:bd2ffe5e37fb75d014728511f8e68ebf2c80b0fa3d04ca1479f4dc752ae31ac9"},
    {file = "starlette-0.13.6.tar.gz", hash = "sha256:ebe8ee08d9be96a3c9f31b2cb2a24dbdf845247b745664bd8a3f9bd0c977fdbc"},
]
typing-extensions = [
    {file = "typing_extensions-3.7.4.3-py2-none-any.whl", hash = "sha256:dafc7639cde7f1b6e1acc0f457842a83e722ccca8eef5270af2d74792619a89f"},
    {file = "typing_extensions-3.7.4.3-py3-none-any.whl", hash = "sha256:7cb407020f00f7bfc3cb3e7881628838e69d8f3fcab2f64742a5e76b2f841918"},
    {file = "typing_extensions-3.7.4.3.tar.gz", hash = "sha256:99d4073b617d30288f569d3f13d2bd7548c3a7e4c8de87db09a9d29bb3a4a60c"},
]
urllib3 = [
    {file = "urllib3-1.26.4-py2.py3-none-any.whl", hash = "sha256:2f4da4594db7e1e110a944bb1b551fdf4e6c136ad42e4234131391e21eb5b0df"},
    {file = "urllib3-1.26.4.tar.gz", hash = "sha256:e7b021f7241115872f92f43c6508082facffbd1c048e3c6e2bb9c2a157e28937"},
]
uvicorn = [
    {file = "uvicorn-0.13.4-py3-none-any.whl", hash = "sha256:7587f7b08bd1efd2b9bad809a3d333e972f1d11af8a5e52a9371ee3a5de71524"},
    {file = "uvicorn-0.13.4.tar.gz", hash = "sha256:3292251b3c7978e8e4a7868f4baf7f7f7bb7e40c759ecc125c37e99cdea34202"},
]
uvloop = [
    {file = "uvloop-0.15.2-cp37-cp37m-macosx_10_14_x86_64.whl", hash = "sha256:19fa1d56c91341318ac5d417e7b61c56e9a41183946cc70c411341173de02c69"},
    {file = "uvloop-0.15.2-cp37-cp37m-manylinux2010_x86_64.whl", hash = "sha256:e5e5f855c9bf483ee6cd1eb9a179b740de80cb0ae2988e3fa22309b78e2ea0e7"},
    {file = "uvloop-0.15.2-cp37-cp37m-manylinux2014_aarch64.whl", hash = "sha256:42eda9f525a208fbc4f7cecd00fa15c57cc57646c76632b3ba2fe005004f051d"},
    {file = "uvloop-0.15.2-cp38-cp38-macosx_10_14_x86_64.whl", hash = "sha256:90e56f17755e41b425ad19a08c41dc358fa7bf1226c0f8e54d4d02d556f7af7c"},
    {file = "uvloop-0.15.2-cp38-cp38-manylinux2010_x86_64.whl", hash = "sha256:7ae39b11a5f4cec1432d706c21ecc62f9e04d116883178b09671aa29c46f7a47"},
    {file = "uvloop-0.15.2-cp38-cp38-manylinux2014_aarch64.whl", hash = "sha256:b45218c99795803fb8bdbc9435ff7f54e3a591b44cd4c121b02fa83affb61c7c"},
    {file = "uvloop-0.15.2-cp39-cp39-macosx_10_14_x86_64.whl", hash = "sha256:114543c84e95df1b4ff546e6e3a27521580466a30127f12172a3278172ad68bc"},
    {file = "uvloop-0.15.2-cp39-cp39-manylinux2010_x86_64.whl", hash = "sha256:44cac8575bf168601424302045234d74e3561fbdbac39b2b54cc1d1d00b70760"},
    {file = "uvloop-0.15.2-cp39-cp39-manylinux2014_aarch64.whl", hash = "sha256:6de130d0cb78985a5d080e323b86c5ecaf3af82f4890492c05981707852f983c"},
    {file = "uvloop-0.15.2.tar.gz", hash = "sha256:2bb0624a8a70834e54dde8feed62ed63b50bad7a1265c40d6403a2ac447bce01"},
]
wcwidth = [
    {file = "wcwidth-0.2.5-py2.py3-none-any.whl", hash = "sha256:beb4802a9cebb9144e99086eff703a642a13d6a0052920003a230f3294bbe784"},
    {file = "wcwidth-0.2.5.tar.gz", hash = "sha256:c4d647b99872929fdb7bdcaa4fbe7f01413ed3d98077df798530e5b04f116c83"},
]
zipp = [
    {file = "zipp-3.4.1-py3-none-any.whl", hash = "sha256:51cb66cc54621609dd593d1787f286ee42a5c0adbb4b29abea5a63edc3e03098"},
    {file = "zipp-3.4.1.tar.gz", hash = "sha256:3607921face881ba3e026887d8150cca609d517579abe052ac81fc5aeffdbd76"},
]
